
Microsoft Visual Studio Solution File, Format Version 12.00
# Visual Studio Version 17
VisualStudioVersion = 17.9.34723.18
MinimumVisualStudioVersion = 10.0.40219.1
Project("{9A19103F-16F7-4668-BE54-9A1E7A4F7556}") = "Business", "Business\Business.csproj", "{0F74D107-600C-4330-BAED-42E70FCA720A}"
EndProject
Project("{9A19103F-16F7-4668-BE54-9A1E7A4F7556}") = "DataAccess", "DataAccess\DataAccess.csproj", "{7AC3AC1D-5DDD-4256-B69A-8918196960F4}"
EndProject
Project("{9A19103F-16F7-4668-BE54-9A1E7A4F7556}") = "Entities", "Entities\Entities.csproj", "{B83EF3D8-457E-40F5-B43E-EB5769A2F8D9}"
EndProject
Project("{9A19103F-16F7-4668-BE54-9A1E7A4F7556}") = "Shareds", "Shareds\Shareds.csproj", "{0F1C784B-F07B-46EA-9CE5-AB3230755C1F}"
EndProject
Project("{9A19103F-16F7-4668-BE54-9A1E7A4F7556}") = "WebApi", "WebApi\WebApi.csproj", "{79A6040A-FAF1-497B-81CB-1BB4FE9AAB0D}"
EndProject
Project("{9A19103F-16F7-4668-BE54-9A1E7A4F7556}") = "WebApp", "WebApp\WebApp.csproj", "{637A11A2-19B7-41F8-9201-61511430EE7C}"
EndProject
Global
	GlobalSection(SolutionConfigurationPlatforms) = preSolution
		Debug|Any CPU = Debug|Any CPU
		Release|Any CPU = Release|Any CPU
	EndGlobalSection
	GlobalSection(ProjectConfigurationPlatforms) = postSolution
		{0F74D107-600C-4330-BAED-42E70FCA720A}.Debug|Any CPU.ActiveCfg = Debug|Any CPU
		{0F74D107-600C-4330-BAED-42E70FCA720A}.Debug|Any CPU.Build.0 = Debug|Any CPU
		{0F74D107-600C-4330-BAED-42E70FCA720A}.Release|Any CPU.ActiveCfg = Release|Any CPU
		{0F74D107-600C-4330-BAED-42E70FCA720A}.Release|Any CPU.Build.0 = Release|Any CPU
		{7AC3AC1D-5DDD-4256-B69A-8918196960F4}.Debug|Any CPU.ActiveCfg = Debug|Any CPU
		{7AC3AC1D-5DDD-4256-B69A-8918196960F4}.Debug|Any CPU.Build.0 = Debug|Any CPU
		{7AC3AC1D-5DDD-4256-B69A-8918196960F4}.Release|Any CPU.ActiveCfg = Release|Any CPU
		{7AC3AC1D-5DDD-4256-B69A-8918196960F4}.Release|Any CPU.Build.0 = Release|Any CPU
		{B83EF3D8-457E-40F5-B43E-EB5769A2F8D9}.Debug|Any CPU.ActiveCfg = Debug|Any CPU
		{B83EF3D8-457E-40F5-B43E-EB5769A2F8D9}.Debug|Any CPU.Build.0 = Debug|Any CPU
		{B83EF3D8-457E-40F5-B43E-EB5769A2F8D9}.Release|Any CPU.ActiveCfg = Release|Any CPU
		{B83EF3D8-457E-40F5-B43E-EB5769A2F8D9}.Release|Any CPU.Build.0 = Release|Any CPU
		{0F1C784B-F07B-46EA-9CE5-AB3230755C1F}.Debug|Any CPU.ActiveCfg = Debug|Any CPU
		{0F1C784B-F07B-46EA-9CE5-AB3230755C1F}.Debug|Any CPU.Build.0 = Debug|Any CPU
		{0F1C784B-F07B-46EA-9CE5-AB3230755C1F}.Release|Any CPU.ActiveCfg = Release|Any CPU
		{0F1C784B-F07B-46EA-9CE5-AB3230755C1F}.Release|Any CPU.Build.0 = Release|Any CPU
		{79A6040A-FAF1-497B-81CB-1BB4FE9AAB0D}.Debug|Any CPU.ActiveCfg = Debug|Any CPU
		{79A6040A-FAF1-497B-81CB-1BB4FE9AAB0D}.Debug|Any CPU.Build.0 = Debug|Any CPU
		{79A6040A-FAF1-497B-81CB-1BB4FE9AAB0D}.Release|Any CPU.ActiveCfg = Release|Any CPU
		{79A6040A-FAF1-497B-81CB-1BB4FE9AAB0D}.Release|Any CPU.Build.0 = Release|Any CPU
		{637A11A2-19B7-41F8-9201-61511430EE7C}.Debug|Any CPU.ActiveCfg = Debug|Any CPU
		{637A11A2-19B7-41F8-9201-61511430EE7C}.Debug|Any CPU.Build.0 = Debug|Any CPU
		{637A11A2-19B7-41F8-9201-61511430EE7C}.Release|Any CPU.ActiveCfg = Release|Any CPU
		{637A11A2-19B7-41F8-9201-61511430EE7C}.Release|Any CPU.Build.0 = Release|Any CPU
	EndGlobalSection
	GlobalSection(SolutionProperties) = preSolution
		HideSolutionNode = FALSE
	EndGlobalSection
	GlobalSection(ExtensibilityGlobals) = postSolution
		SolutionGuid = {9784A815-594C-43F3-9786-81BEF9B08FB7}
	EndGlobalSection
EndGlobal
