
Microsoft Visual Studio Solution File, Format Version 12.00
# Visual Studio Version 17
VisualStudioVersion = 17.9.34616.47
MinimumVisualStudioVersion = 10.0.40219.1
Project("{2150E333-8FDC-42A3-9474-1A3956D46DE8}") = "Backend", "Backend", "{F3C53EFE-0DA1-4C73-AD29-4702848BBCF4}"
EndProject
Project("{2150E333-8FDC-42A3-9474-1A3956D46DE8}") = "Frontend", "Frontend", "{9D132CB3-DB9B-42BB-95ED-0F8CB349B1FA}"
EndProject
Project("{FAE04EC0-301F-11D3-BF4B-00C04F79EFBC}") = "WebApi", "Backend\WebApi\WebApi.csproj", "{8AB04593-73C8-4C9B-988B-3C22E8612633}"
EndProject
Project("{FAE04EC0-301F-11D3-BF4B-00C04F79EFBC}") = "WebApp", "Frontend\WebApp\WebApp.csproj", "{524D1618-B169-4A5B-AC28-7CAFCC49EFAB}"
EndProject
Project("{FAE04EC0-301F-11D3-BF4B-00C04F79EFBC}") = "Business", "Backend\Business\Business.csproj", "{151A8138-CB70-43C1-B54E-518C7AA369CF}"
EndProject
Project("{FAE04EC0-301F-11D3-BF4B-00C04F79EFBC}") = "DataAcess", "Backend\DataAcess\DataAcess.csproj", "{B9AA07E2-E7ED-435B-A084-D3100287B2A2}"
EndProject
Project("{FAE04EC0-301F-11D3-BF4B-00C04F79EFBC}") = "Entities", "Backend\Entities\Entities.csproj", "{344848F1-B096-4B66-BCEF-0F77E69D7CD4}"
EndProject
Project("{FAE04EC0-301F-11D3-BF4B-00C04F79EFBC}") = "Shareds", "Backend\Shareds\Shareds.csproj", "{089835B1-5AA1-400A-BFC8-77F7B2B75224}"
EndProject
Global
	GlobalSection(SolutionConfigurationPlatforms) = preSolution
		Debug|Any CPU = Debug|Any CPU
		Release|Any CPU = Release|Any CPU
	EndGlobalSection
	GlobalSection(ProjectConfigurationPlatforms) = postSolution
		{8AB04593-73C8-4C9B-988B-3C22E8612633}.Debug|Any CPU.ActiveCfg = Debug|Any CPU
		{8AB04593-73C8-4C9B-988B-3C22E8612633}.Debug|Any CPU.Build.0 = Debug|Any CPU
		{8AB04593-73C8-4C9B-988B-3C22E8612633}.Release|Any CPU.ActiveCfg = Release|Any CPU
		{8AB04593-73C8-4C9B-988B-3C22E8612633}.Release|Any CPU.Build.0 = Release|Any CPU
		{524D1618-B169-4A5B-AC28-7CAFCC49EFAB}.Debug|Any CPU.ActiveCfg = Debug|Any CPU
		{524D1618-B169-4A5B-AC28-7CAFCC49EFAB}.Debug|Any CPU.Build.0 = Debug|Any CPU
		{524D1618-B169-4A5B-AC28-7CAFCC49EFAB}.Release|Any CPU.ActiveCfg = Release|Any CPU
		{524D1618-B169-4A5B-AC28-7CAFCC49EFAB}.Release|Any CPU.Build.0 = Release|Any CPU
		{151A8138-CB70-43C1-B54E-518C7AA369CF}.Debug|Any CPU.ActiveCfg = Debug|Any CPU
		{151A8138-CB70-43C1-B54E-518C7AA369CF}.Debug|Any CPU.Build.0 = Debug|Any CPU
		{151A8138-CB70-43C1-B54E-518C7AA369CF}.Release|Any CPU.ActiveCfg = Release|Any CPU
		{151A8138-CB70-43C1-B54E-518C7AA369CF}.Release|Any CPU.Build.0 = Release|Any CPU
		{B9AA07E2-E7ED-435B-A084-D3100287B2A2}.Debug|Any CPU.ActiveCfg = Debug|Any CPU
		{B9AA07E2-E7ED-435B-A084-D3100287B2A2}.Debug|Any CPU.Build.0 = Debug|Any CPU
		{B9AA07E2-E7ED-435B-A084-D3100287B2A2}.Release|Any CPU.ActiveCfg = Release|Any CPU
		{B9AA07E2-E7ED-435B-A084-D3100287B2A2}.Release|Any CPU.Build.0 = Release|Any CPU
		{344848F1-B096-4B66-BCEF-0F77E69D7CD4}.Debug|Any CPU.ActiveCfg = Debug|Any CPU
		{344848F1-B096-4B66-BCEF-0F77E69D7CD4}.Debug|Any CPU.Build.0 = Debug|Any CPU
		{344848F1-B096-4B66-BCEF-0F77E69D7CD4}.Release|Any CPU.ActiveCfg = Release|Any CPU
		{344848F1-B096-4B66-BCEF-0F77E69D7CD4}.Release|Any CPU.Build.0 = Release|Any CPU
		{089835B1-5AA1-400A-BFC8-77F7B2B75224}.Debug|Any CPU.ActiveCfg = Debug|Any CPU
		{089835B1-5AA1-400A-BFC8-77F7B2B75224}.Debug|Any CPU.Build.0 = Debug|Any CPU
		{089835B1-5AA1-400A-BFC8-77F7B2B75224}.Release|Any CPU.ActiveCfg = Release|Any CPU
		{089835B1-5AA1-400A-BFC8-77F7B2B75224}.Release|Any CPU.Build.0 = Release|Any CPU
	EndGlobalSection
	GlobalSection(SolutionProperties) = preSolution
		HideSolutionNode = FALSE
	EndGlobalSection
	GlobalSection(NestedProjects) = preSolution
		{8AB04593-73C8-4C9B-988B-3C22E8612633} = {F3C53EFE-0DA1-4C73-AD29-4702848BBCF4}
		{524D1618-B169-4A5B-AC28-7CAFCC49EFAB} = {9D132CB3-DB9B-42BB-95ED-0F8CB349B1FA}
		{151A8138-CB70-43C1-B54E-518C7AA369CF} = {F3C53EFE-0DA1-4C73-AD29-4702848BBCF4}
		{B9AA07E2-E7ED-435B-A084-D3100287B2A2} = {F3C53EFE-0DA1-4C73-AD29-4702848BBCF4}
		{344848F1-B096-4B66-BCEF-0F77E69D7CD4} = {F3C53EFE-0DA1-4C73-AD29-4702848BBCF4}
		{089835B1-5AA1-400A-BFC8-77F7B2B75224} = {F3C53EFE-0DA1-4C73-AD29-4702848BBCF4}
	EndGlobalSection
	GlobalSection(ExtensibilityGlobals) = postSolution
		SolutionGuid = {36417043-BD47-4CD8-949C-441A06FE504D}
	EndGlobalSection
EndGlobal
