
Microsoft Visual Studio Solution File, Format Version 12.00
# Visual Studio Version 17
VisualStudioVersion = 17.9.34616.47
MinimumVisualStudioVersion = 10.0.40219.1
Project("{2150E333-8FDC-42A3-9474-1A3956D46DE8}") = "Backend", "Backend", "{F3C53EFE-0DA1-4C73-AD29-4702848BBCF4}"
EndProject
Project("{2150E333-8FDC-42A3-9474-1A3956D46DE8}") = "Frontend", "Frontend", "{9D132CB3-DB9B-42BB-95ED-0F8CB349B1FA}"
EndProject
Project("{FAE04EC0-301F-11D3-BF4B-00C04F79EFBC}") = "WebApi", "Backend\WebApi\WebApi.csproj", "{8AB04593-73C8-4C9B-988B-3C22E8612633}"
EndProject
Project("{FAE04EC0-301F-11D3-BF4B-00C04F79EFBC}") = "Business", "Business\Business.csproj", "{F49CF60F-7206-46C7-8C5A-AB8F4659057F}"
EndProject
Project("{FAE04EC0-301F-11D3-BF4B-00C04F79EFBC}") = "DataAcess", "DataAcess\DataAcess.csproj", "{D129324C-8F1B-4FFE-BF24-9FEB1C83156E}"
EndProject
Project("{FAE04EC0-301F-11D3-BF4B-00C04F79EFBC}") = "Entities", "Entities\Entities.csproj", "{1145ED87-BDED-48AE-8D5B-09D4AEC75355}"
EndProject
Project("{FAE04EC0-301F-11D3-BF4B-00C04F79EFBC}") = "Shareds", "Shareds\Shareds.csproj", "{E06A33B2-90FC-4C8F-B3BA-EDF2CD350DC4}"
EndProject
Project("{FAE04EC0-301F-11D3-BF4B-00C04F79EFBC}") = "WebApp", "Frontend\WebApp\WebApp.csproj", "{524D1618-B169-4A5B-AC28-7CAFCC49EFAB}"
EndProject
Global
	GlobalSection(SolutionConfigurationPlatforms) = preSolution
		Debug|Any CPU = Debug|Any CPU
		Release|Any CPU = Release|Any CPU
	EndGlobalSection
	GlobalSection(ProjectConfigurationPlatforms) = postSolution
		{8AB04593-73C8-4C9B-988B-3C22E8612633}.Debug|Any CPU.ActiveCfg = Debug|Any CPU
		{8AB04593-73C8-4C9B-988B-3C22E8612633}.Debug|Any CPU.Build.0 = Debug|Any CPU
		{8AB04593-73C8-4C9B-988B-3C22E8612633}.Release|Any CPU.ActiveCfg = Release|Any CPU
		{8AB04593-73C8-4C9B-988B-3C22E8612633}.Release|Any CPU.Build.0 = Release|Any CPU
		{F49CF60F-7206-46C7-8C5A-AB8F4659057F}.Debug|Any CPU.ActiveCfg = Debug|Any CPU
		{F49CF60F-7206-46C7-8C5A-AB8F4659057F}.Debug|Any CPU.Build.0 = Debug|Any CPU
		{F49CF60F-7206-46C7-8C5A-AB8F4659057F}.Release|Any CPU.ActiveCfg = Release|Any CPU
		{F49CF60F-7206-46C7-8C5A-AB8F4659057F}.Release|Any CPU.Build.0 = Release|Any CPU
		{D129324C-8F1B-4FFE-BF24-9FEB1C83156E}.Debug|Any CPU.ActiveCfg = Debug|Any CPU
		{D129324C-8F1B-4FFE-BF24-9FEB1C83156E}.Debug|Any CPU.Build.0 = Debug|Any CPU
		{D129324C-8F1B-4FFE-BF24-9FEB1C83156E}.Release|Any CPU.ActiveCfg = Release|Any CPU
		{D129324C-8F1B-4FFE-BF24-9FEB1C83156E}.Release|Any CPU.Build.0 = Release|Any CPU
		{1145ED87-BDED-48AE-8D5B-09D4AEC75355}.Debug|Any CPU.ActiveCfg = Debug|Any CPU
		{1145ED87-BDED-48AE-8D5B-09D4AEC75355}.Debug|Any CPU.Build.0 = Debug|Any CPU
		{1145ED87-BDED-48AE-8D5B-09D4AEC75355}.Release|Any CPU.ActiveCfg = Release|Any CPU
		{1145ED87-BDED-48AE-8D5B-09D4AEC75355}.Release|Any CPU.Build.0 = Release|Any CPU
		{E06A33B2-90FC-4C8F-B3BA-EDF2CD350DC4}.Debug|Any CPU.ActiveCfg = Debug|Any CPU
		{E06A33B2-90FC-4C8F-B3BA-EDF2CD350DC4}.Debug|Any CPU.Build.0 = Debug|Any CPU
		{E06A33B2-90FC-4C8F-B3BA-EDF2CD350DC4}.Release|Any CPU.ActiveCfg = Release|Any CPU
		{E06A33B2-90FC-4C8F-B3BA-EDF2CD350DC4}.Release|Any CPU.Build.0 = Release|Any CPU
		{524D1618-B169-4A5B-AC28-7CAFCC49EFAB}.Debug|Any CPU.ActiveCfg = Debug|Any CPU
		{524D1618-B169-4A5B-AC28-7CAFCC49EFAB}.Debug|Any CPU.Build.0 = Debug|Any CPU
		{524D1618-B169-4A5B-AC28-7CAFCC49EFAB}.Release|Any CPU.ActiveCfg = Release|Any CPU
		{524D1618-B169-4A5B-AC28-7CAFCC49EFAB}.Release|Any CPU.Build.0 = Release|Any CPU
	EndGlobalSection
	GlobalSection(SolutionProperties) = preSolution
		HideSolutionNode = FALSE
	EndGlobalSection
	GlobalSection(NestedProjects) = preSolution
		{8AB04593-73C8-4C9B-988B-3C22E8612633} = {F3C53EFE-0DA1-4C73-AD29-4702848BBCF4}
		{F49CF60F-7206-46C7-8C5A-AB8F4659057F} = {F3C53EFE-0DA1-4C73-AD29-4702848BBCF4}
		{D129324C-8F1B-4FFE-BF24-9FEB1C83156E} = {F3C53EFE-0DA1-4C73-AD29-4702848BBCF4}
		{1145ED87-BDED-48AE-8D5B-09D4AEC75355} = {F3C53EFE-0DA1-4C73-AD29-4702848BBCF4}
		{E06A33B2-90FC-4C8F-B3BA-EDF2CD350DC4} = {F3C53EFE-0DA1-4C73-AD29-4702848BBCF4}
		{524D1618-B169-4A5B-AC28-7CAFCC49EFAB} = {9D132CB3-DB9B-42BB-95ED-0F8CB349B1FA}
	EndGlobalSection
	GlobalSection(ExtensibilityGlobals) = postSolution
		SolutionGuid = {36417043-BD47-4CD8-949C-441A06FE504D}
	EndGlobalSection
EndGlobal
